// !$*UTF8*$!
{
	archiveVersion = 1;
	classes = {
	};
	objectVersion = 52;
	objects = {

/* Begin PBXBuildFile section */
		5D5985F726F5EA9B0092BC9C /* HomeViewModel.swift in Sources */ = {isa = PBXBuildFile; fileRef = 5D5985F626F5EA9B0092BC9C /* HomeViewModel.swift */; };
		5D5985FA26F606B80092BC9C /* Genre.swift in Sources */ = {isa = PBXBuildFile; fileRef = 5D5985F926F606B80092BC9C /* Genre.swift */; };
		5D5985FC26F606EE0092BC9C /* Art.swift in Sources */ = {isa = PBXBuildFile; fileRef = 5D5985FB26F606EE0092BC9C /* Art.swift */; };
		5D5985FE26F607190092BC9C /* AudioCategory.swift in Sources */ = {isa = PBXBuildFile; fileRef = 5D5985FD26F607190092BC9C /* AudioCategory.swift */; };
		5D59860026F607470092BC9C /* HomeItemView.swift in Sources */ = {isa = PBXBuildFile; fileRef = 5D5985FF26F607470092BC9C /* HomeItemView.swift */; };
		5D621ED426F64D5500573A92 /* NGUrl.swift in Sources */ = {isa = PBXBuildFile; fileRef = 5D621ED326F64D5500573A92 /* NGUrl.swift */; };
		5D621ED726F6614B00573A92 /* ArtCategory.swift in Sources */ = {isa = PBXBuildFile; fileRef = 5D621ED626F6614B00573A92 /* ArtCategory.swift */; };
		5D621ED926F7538D00573A92 /* NGApi.swift in Sources */ = {isa = PBXBuildFile; fileRef = 5D621ED826F7538D00573A92 /* NGApi.swift */; };
		5D621EDB26F8BBA200573A92 /* HomeItemViewCarousel.swift in Sources */ = {isa = PBXBuildFile; fileRef = 5D621EDA26F8BBA200573A92 /* HomeItemViewCarousel.swift */; };
		5DE051D926F4B223005FD7C1 /* NGPlayerApp.swift in Sources */ = {isa = PBXBuildFile; fileRef = 5DE051D826F4B223005FD7C1 /* NGPlayerApp.swift */; };
		5DE051DB26F4B223005FD7C1 /* PlaylistView.swift in Sources */ = {isa = PBXBuildFile; fileRef = 5DE051DA26F4B223005FD7C1 /* PlaylistView.swift */; };
		5DE051DD26F4B227005FD7C1 /* Assets.xcassets in Resources */ = {isa = PBXBuildFile; fileRef = 5DE051DC26F4B227005FD7C1 /* Assets.xcassets */; };
		5DE051E026F4B227005FD7C1 /* Preview Assets.xcassets in Resources */ = {isa = PBXBuildFile; fileRef = 5DE051DF26F4B227005FD7C1 /* Preview Assets.xcassets */; };
		5DE051E926F4B377005FD7C1 /* PlaylistItemView.swift in Sources */ = {isa = PBXBuildFile; fileRef = 5DE051E826F4B377005FD7C1 /* PlaylistItemView.swift */; };
		5DE051EC26F4B529005FD7C1 /* SwiftSoup in Frameworks */ = {isa = PBXBuildFile; productRef = 5DE051EB26F4B529005FD7C1 /* SwiftSoup */; };
		5DED697126F4BF8400199A34 /* Color.swift in Sources */ = {isa = PBXBuildFile; fileRef = 5DED697026F4BF8400199A34 /* Color.swift */; };
		5DED697326F4C17700199A34 /* PlayerControlsView.swift in Sources */ = {isa = PBXBuildFile; fileRef = 5DED697226F4C17700199A34 /* PlayerControlsView.swift */; };
		5DED697526F4CFD300199A34 /* PlaylistViewModel.swift in Sources */ = {isa = PBXBuildFile; fileRef = 5DED697426F4CFD300199A34 /* PlaylistViewModel.swift */; };
		5DED697726F4D00100199A34 /* Song.swift in Sources */ = {isa = PBXBuildFile; fileRef = 5DED697626F4D00100199A34 /* Song.swift */; };
		5DED697926F51A9E00199A34 /* ImageCache.swift in Sources */ = {isa = PBXBuildFile; fileRef = 5DED697826F51A9E00199A34 /* ImageCache.swift */; };
		5DED697C26F54D3900199A34 /* HomeView.swift in Sources */ = {isa = PBXBuildFile; fileRef = 5DED697B26F54D3900199A34 /* HomeView.swift */; };
/* End PBXBuildFile section */

/* Begin PBXFileReference section */
		5D5985F626F5EA9B0092BC9C /* HomeViewModel.swift */ = {isa = PBXFileReference; lastKnownFileType = sourcecode.swift; path = HomeViewModel.swift; sourceTree = "<group>"; };
		5D5985F926F606B80092BC9C /* Genre.swift */ = {isa = PBXFileReference; lastKnownFileType = sourcecode.swift; path = Genre.swift; sourceTree = "<group>"; };
		5D5985FB26F606EE0092BC9C /* Art.swift */ = {isa = PBXFileReference; lastKnownFileType = sourcecode.swift; path = Art.swift; sourceTree = "<group>"; };
		5D5985FD26F607190092BC9C /* AudioCategory.swift */ = {isa = PBXFileReference; lastKnownFileType = sourcecode.swift; path = AudioCategory.swift; sourceTree = "<group>"; };
		5D5985FF26F607470092BC9C /* HomeItemView.swift */ = {isa = PBXFileReference; lastKnownFileType = sourcecode.swift; path = HomeItemView.swift; sourceTree = "<group>"; };
		5D621ED326F64D5500573A92 /* NGUrl.swift */ = {isa = PBXFileReference; lastKnownFileType = sourcecode.swift; path = NGUrl.swift; sourceTree = "<group>"; };
		5D621ED626F6614B00573A92 /* ArtCategory.swift */ = {isa = PBXFileReference; lastKnownFileType = sourcecode.swift; path = ArtCategory.swift; sourceTree = "<group>"; };
		5D621ED826F7538D00573A92 /* NGApi.swift */ = {isa = PBXFileReference; lastKnownFileType = sourcecode.swift; path = NGApi.swift; sourceTree = "<group>"; };
		5D621EDA26F8BBA200573A92 /* HomeItemViewCarousel.swift */ = {isa = PBXFileReference; lastKnownFileType = sourcecode.swift; path = HomeItemViewCarousel.swift; sourceTree = "<group>"; };
		5DE051D526F4B223005FD7C1 /* NGPlayer.app */ = {isa = PBXFileReference; explicitFileType = wrapper.application; includeInIndex = 0; path = NGPlayer.app; sourceTree = BUILT_PRODUCTS_DIR; };
		5DE051D826F4B223005FD7C1 /* NGPlayerApp.swift */ = {isa = PBXFileReference; lastKnownFileType = sourcecode.swift; path = NGPlayerApp.swift; sourceTree = "<group>"; };
		5DE051DA26F4B223005FD7C1 /* PlaylistView.swift */ = {isa = PBXFileReference; lastKnownFileType = sourcecode.swift; path = PlaylistView.swift; sourceTree = "<group>"; };
		5DE051DC26F4B227005FD7C1 /* Assets.xcassets */ = {isa = PBXFileReference; lastKnownFileType = folder.assetcatalog; path = Assets.xcassets; sourceTree = "<group>"; };
		5DE051DF26F4B227005FD7C1 /* Preview Assets.xcassets */ = {isa = PBXFileReference; lastKnownFileType = folder.assetcatalog; path = "Preview Assets.xcassets"; sourceTree = "<group>"; };
		5DE051E126F4B227005FD7C1 /* Info.plist */ = {isa = PBXFileReference; lastKnownFileType = text.plist.xml; path = Info.plist; sourceTree = "<group>"; };
		5DE051E826F4B377005FD7C1 /* PlaylistItemView.swift */ = {isa = PBXFileReference; lastKnownFileType = sourcecode.swift; path = PlaylistItemView.swift; sourceTree = "<group>"; };
		5DED697026F4BF8400199A34 /* Color.swift */ = {isa = PBXFileReference; lastKnownFileType = sourcecode.swift; path = Color.swift; sourceTree = "<group>"; };
		5DED697226F4C17700199A34 /* PlayerControlsView.swift */ = {isa = PBXFileReference; lastKnownFileType = sourcecode.swift; path = PlayerControlsView.swift; sourceTree = "<group>"; };
		5DED697426F4CFD300199A34 /* PlaylistViewModel.swift */ = {isa = PBXFileReference; lastKnownFileType = sourcecode.swift; path = PlaylistViewModel.swift; sourceTree = "<group>"; };
		5DED697626F4D00100199A34 /* Song.swift */ = {isa = PBXFileReference; lastKnownFileType = sourcecode.swift; path = Song.swift; sourceTree = "<group>"; };
		5DED697826F51A9E00199A34 /* ImageCache.swift */ = {isa = PBXFileReference; lastKnownFileType = sourcecode.swift; path = ImageCache.swift; sourceTree = "<group>"; };
		5DED697B26F54D3900199A34 /* HomeView.swift */ = {isa = PBXFileReference; lastKnownFileType = sourcecode.swift; path = HomeView.swift; sourceTree = "<group>"; };
/* End PBXFileReference section */

/* Begin PBXFrameworksBuildPhase section */
		5DE051D226F4B223005FD7C1 /* Frameworks */ = {
			isa = PBXFrameworksBuildPhase;
			buildActionMask = 2147483647;
			files = (
				5DE051EC26F4B529005FD7C1 /* SwiftSoup in Frameworks */,
			);
			runOnlyForDeploymentPostprocessing = 0;
		};
/* End PBXFrameworksBuildPhase section */

/* Begin PBXGroup section */
		5D5985F826F606AA0092BC9C /* Model */ = {
			isa = PBXGroup;
			children = (
				5D5985FD26F607190092BC9C /* AudioCategory.swift */,
				5DED697626F4D00100199A34 /* Song.swift */,
				5D5985F926F606B80092BC9C /* Genre.swift */,
				5D5985FB26F606EE0092BC9C /* Art.swift */,
				5D621ED626F6614B00573A92 /* ArtCategory.swift */,
			);
			path = Model;
			sourceTree = "<group>";
		};
		5D621ED526F65F2700573A92 /* Api */ = {
			isa = PBXGroup;
			children = (
				5D621ED326F64D5500573A92 /* NGUrl.swift */,
				5D621ED826F7538D00573A92 /* NGApi.swift */,
			);
			path = Api;
			sourceTree = "<group>";
		};
		5DE051CC26F4B223005FD7C1 = {
			isa = PBXGroup;
			children = (
				5DE051D726F4B223005FD7C1 /* NGPlayer */,
				5DE051D626F4B223005FD7C1 /* Products */,
			);
			sourceTree = "<group>";
		};
		5DE051D626F4B223005FD7C1 /* Products */ = {
			isa = PBXGroup;
			children = (
				5DE051D526F4B223005FD7C1 /* NGPlayer.app */,
			);
			name = Products;
			sourceTree = "<group>";
		};
		5DE051D726F4B223005FD7C1 /* NGPlayer */ = {
			isa = PBXGroup;
			children = (
				5D621ED526F65F2700573A92 /* Api */,
				5DE051E126F4B227005FD7C1 /* Info.plist */,
				5DED697026F4BF8400199A34 /* Color.swift */,
				5DED697826F51A9E00199A34 /* ImageCache.swift */,
				5DE051D826F4B223005FD7C1 /* NGPlayerApp.swift */,
				5DED697226F4C17700199A34 /* PlayerControlsView.swift */,
				5DE051DC26F4B227005FD7C1 /* Assets.xcassets */,
				5DED697A26F54D2700199A34 /* Home */,
				5D5985F826F606AA0092BC9C /* Model */,
				5DE051E726F4B368005FD7C1 /* Playlist */,
				5DE051DE26F4B227005FD7C1 /* Preview Content */,
			);
			path = NGPlayer;
			sourceTree = "<group>";
		};
		5DE051DE26F4B227005FD7C1 /* Preview Content */ = {
			isa = PBXGroup;
			children = (
				5DE051DF26F4B227005FD7C1 /* Preview Assets.xcassets */,
			);
			path = "Preview Content";
			sourceTree = "<group>";
		};
		5DE051E726F4B368005FD7C1 /* Playlist */ = {
			isa = PBXGroup;
			children = (
				5DE051DA26F4B223005FD7C1 /* PlaylistView.swift */,
				5DE051E826F4B377005FD7C1 /* PlaylistItemView.swift */,
				5DED697426F4CFD300199A34 /* PlaylistViewModel.swift */,
			);
			path = Playlist;
			sourceTree = "<group>";
		};
		5DED697A26F54D2700199A34 /* Home */ = {
			isa = PBXGroup;
			children = (
				5DED697B26F54D3900199A34 /* HomeView.swift */,
				5D5985F626F5EA9B0092BC9C /* HomeViewModel.swift */,
				5D5985FF26F607470092BC9C /* HomeItemView.swift */,
				5D621EDA26F8BBA200573A92 /* HomeItemViewCarousel.swift */,
			);
			path = Home;
			sourceTree = "<group>";
		};
/* End PBXGroup section */

/* Begin PBXNativeTarget section */
		5DE051D426F4B223005FD7C1 /* NGPlayer */ = {
			isa = PBXNativeTarget;
			buildConfigurationList = 5DE051E426F4B227005FD7C1 /* Build configuration list for PBXNativeTarget "NGPlayer" */;
			buildPhases = (
				5DE051D126F4B223005FD7C1 /* Sources */,
				5DE051D226F4B223005FD7C1 /* Frameworks */,
				5DE051D326F4B223005FD7C1 /* Resources */,
			);
			buildRules = (
			);
			dependencies = (
			);
			name = NGPlayer;
			packageProductDependencies = (
				5DE051EB26F4B529005FD7C1 /* SwiftSoup */,
			);
			productName = NGPlayer;
			productReference = 5DE051D526F4B223005FD7C1 /* NGPlayer.app */;
			productType = "com.apple.product-type.application";
		};
/* End PBXNativeTarget section */

/* Begin PBXProject section */
		5DE051CD26F4B223005FD7C1 /* Project object */ = {
			isa = PBXProject;
			attributes = {
				LastSwiftUpdateCheck = 1250;
				LastUpgradeCheck = 1250;
				TargetAttributes = {
					5DE051D426F4B223005FD7C1 = {
						CreatedOnToolsVersion = 12.5.1;
					};
				};
			};
			buildConfigurationList = 5DE051D026F4B223005FD7C1 /* Build configuration list for PBXProject "NGPlayer" */;
			compatibilityVersion = "Xcode 9.3";
			developmentRegion = en;
			hasScannedForEncodings = 0;
			knownRegions = (
				en,
				Base,
			);
			mainGroup = 5DE051CC26F4B223005FD7C1;
			packageReferences = (
				5DE051EA26F4B529005FD7C1 /* XCRemoteSwiftPackageReference "SwiftSoup" */,
			);
			productRefGroup = 5DE051D626F4B223005FD7C1 /* Products */;
			projectDirPath = "";
			projectRoot = "";
			targets = (
				5DE051D426F4B223005FD7C1 /* NGPlayer */,
			);
		};
/* End PBXProject section */

/* Begin PBXResourcesBuildPhase section */
		5DE051D326F4B223005FD7C1 /* Resources */ = {
			isa = PBXResourcesBuildPhase;
			buildActionMask = 2147483647;
			files = (
				5DE051E026F4B227005FD7C1 /* Preview Assets.xcassets in Resources */,
				5DE051DD26F4B227005FD7C1 /* Assets.xcassets in Resources */,
			);
			runOnlyForDeploymentPostprocessing = 0;
		};
/* End PBXResourcesBuildPhase section */

/* Begin PBXSourcesBuildPhase section */
		5DE051D126F4B223005FD7C1 /* Sources */ = {
			isa = PBXSourcesBuildPhase;
			buildActionMask = 2147483647;
			files = (
				5DED697C26F54D3900199A34 /* HomeView.swift in Sources */,
				5D621ED726F6614B00573A92 /* ArtCategory.swift in Sources */,
				5D621ED426F64D5500573A92 /* NGUrl.swift in Sources */,
				5DED697726F4D00100199A34 /* Song.swift in Sources */,
				5D621EDB26F8BBA200573A92 /* HomeItemViewCarousel.swift in Sources */,
				5DED697526F4CFD300199A34 /* PlaylistViewModel.swift in Sources */,
				5D5985FA26F606B80092BC9C /* Genre.swift in Sources */,
				5D59860026F607470092BC9C /* HomeItemView.swift in Sources */,
				5D5985F726F5EA9B0092BC9C /* HomeViewModel.swift in Sources */,
				5DED697926F51A9E00199A34 /* ImageCache.swift in Sources */,
				5DE051DB26F4B223005FD7C1 /* PlaylistView.swift in Sources */,
				5DED697326F4C17700199A34 /* PlayerControlsView.swift in Sources */,
				5DED697126F4BF8400199A34 /* Color.swift in Sources */,
				5DE051E926F4B377005FD7C1 /* PlaylistItemView.swift in Sources */,
				5DE051D926F4B223005FD7C1 /* NGPlayerApp.swift in Sources */,
				5D5985FE26F607190092BC9C /* AudioCategory.swift in Sources */,
				5D5985FC26F606EE0092BC9C /* Art.swift in Sources */,
				5D621ED926F7538D00573A92 /* NGApi.swift in Sources */,
			);
			runOnlyForDeploymentPostprocessing = 0;
		};
/* End PBXSourcesBuildPhase section */

/* Begin XCBuildConfiguration section */
		5DE051E226F4B227005FD7C1 /* Debug */ = {
			isa = XCBuildConfiguration;
			buildSettings = {
				ALWAYS_SEARCH_USER_PATHS = NO;
				CLANG_ANALYZER_NONNULL = YES;
				CLANG_ANALYZER_NUMBER_OBJECT_CONVERSION = YES_AGGRESSIVE;
				CLANG_CXX_LANGUAGE_STANDARD = "gnu++14";
				CLANG_CXX_LIBRARY = "libc++";
				CLANG_ENABLE_MODULES = YES;
				CLANG_ENABLE_OBJC_ARC = YES;
				CLANG_ENABLE_OBJC_WEAK = YES;
				CLANG_WARN_BLOCK_CAPTURE_AUTORELEASING = YES;
				CLANG_WARN_BOOL_CONVERSION = YES;
				CLANG_WARN_COMMA = YES;
				CLANG_WARN_CONSTANT_CONVERSION = YES;
				CLANG_WARN_DEPRECATED_OBJC_IMPLEMENTATIONS = YES;
				CLANG_WARN_DIRECT_OBJC_ISA_USAGE = YES_ERROR;
				CLANG_WARN_DOCUMENTATION_COMMENTS = YES;
				CLANG_WARN_EMPTY_BODY = YES;
				CLANG_WARN_ENUM_CONVERSION = YES;
				CLANG_WARN_INFINITE_RECURSION = YES;
				CLANG_WARN_INT_CONVERSION = YES;
				CLANG_WARN_NON_LITERAL_NULL_CONVERSION = YES;
				CLANG_WARN_OBJC_IMPLICIT_RETAIN_SELF = YES;
				CLANG_WARN_OBJC_LITERAL_CONVERSION = YES;
				CLANG_WARN_OBJC_ROOT_CLASS = YES_ERROR;
				CLANG_WARN_QUOTED_INCLUDE_IN_FRAMEWORK_HEADER = YES;
				CLANG_WARN_RANGE_LOOP_ANALYSIS = YES;
				CLANG_WARN_STRICT_PROTOTYPES = YES;
				CLANG_WARN_SUSPICIOUS_MOVE = YES;
				CLANG_WARN_UNGUARDED_AVAILABILITY = YES_AGGRESSIVE;
				CLANG_WARN_UNREACHABLE_CODE = YES;
				CLANG_WARN__DUPLICATE_METHOD_MATCH = YES;
				COPY_PHASE_STRIP = NO;
				DEBUG_INFORMATION_FORMAT = dwarf;
				ENABLE_STRICT_OBJC_MSGSEND = YES;
				ENABLE_TESTABILITY = YES;
				GCC_C_LANGUAGE_STANDARD = gnu11;
				GCC_DYNAMIC_NO_PIC = NO;
				GCC_NO_COMMON_BLOCKS = YES;
				GCC_OPTIMIZATION_LEVEL = 0;
				GCC_PREPROCESSOR_DEFINITIONS = (
					"DEBUG=1",
					"$(inherited)",
				);
				GCC_WARN_64_TO_32_BIT_CONVERSION = YES;
				GCC_WARN_ABOUT_RETURN_TYPE = YES_ERROR;
				GCC_WARN_UNDECLARED_SELECTOR = YES;
				GCC_WARN_UNINITIALIZED_AUTOS = YES_AGGRESSIVE;
				GCC_WARN_UNUSED_FUNCTION = YES;
				GCC_WARN_UNUSED_VARIABLE = YES;
				IPHONEOS_DEPLOYMENT_TARGET = 14.5;
				MTL_ENABLE_DEBUG_INFO = INCLUDE_SOURCE;
				MTL_FAST_MATH = YES;
				ONLY_ACTIVE_ARCH = YES;
				SDKROOT = iphoneos;
				SWIFT_ACTIVE_COMPILATION_CONDITIONS = DEBUG;
				SWIFT_OPTIMIZATION_LEVEL = "-Onone";
			};
			name = Debug;
		};
		5DE051E326F4B227005FD7C1 /* Release */ = {
			isa = XCBuildConfiguration;
			buildSettings = {
				ALWAYS_SEARCH_USER_PATHS = NO;
				CLANG_ANALYZER_NONNULL = YES;
				CLANG_ANALYZER_NUMBER_OBJECT_CONVERSION = YES_AGGRESSIVE;
				CLANG_CXX_LANGUAGE_STANDARD = "gnu++14";
				CLANG_CXX_LIBRARY = "libc++";
				CLANG_ENABLE_MODULES = YES;
				CLANG_ENABLE_OBJC_ARC = YES;
				CLANG_ENABLE_OBJC_WEAK = YES;
				CLANG_WARN_BLOCK_CAPTURE_AUTORELEASING = YES;
				CLANG_WARN_BOOL_CONVERSION = YES;
				CLANG_WARN_COMMA = YES;
				CLANG_WARN_CONSTANT_CONVERSION = YES;
				CLANG_WARN_DEPRECATED_OBJC_IMPLEMENTATIONS = YES;
				CLANG_WARN_DIRECT_OBJC_ISA_USAGE = YES_ERROR;
				CLANG_WARN_DOCUMENTATION_COMMENTS = YES;
				CLANG_WARN_EMPTY_BODY = YES;
				CLANG_WARN_ENUM_CONVERSION = YES;
				CLANG_WARN_INFINITE_RECURSION = YES;
				CLANG_WARN_INT_CONVERSION = YES;
				CLANG_WARN_NON_LITERAL_NULL_CONVERSION = YES;
				CLANG_WARN_OBJC_IMPLICIT_RETAIN_SELF = YES;
				CLANG_WARN_OBJC_LITERAL_CONVERSION = YES;
				CLANG_WARN_OBJC_ROOT_CLASS = YES_ERROR;
				CLANG_WARN_QUOTED_INCLUDE_IN_FRAMEWORK_HEADER = YES;
				CLANG_WARN_RANGE_LOOP_ANALYSIS = YES;
				CLANG_WARN_STRICT_PROTOTYPES = YES;
				CLANG_WARN_SUSPICIOUS_MOVE = YES;
				CLANG_WARN_UNGUARDED_AVAILABILITY = YES_AGGRESSIVE;
				CLANG_WARN_UNREACHABLE_CODE = YES;
				CLANG_WARN__DUPLICATE_METHOD_MATCH = YES;
				COPY_PHASE_STRIP = NO;
				DEBUG_INFORMATION_FORMAT = "dwarf-with-dsym";
				ENABLE_NS_ASSERTIONS = NO;
				ENABLE_STRICT_OBJC_MSGSEND = YES;
				GCC_C_LANGUAGE_STANDARD = gnu11;
				GCC_NO_COMMON_BLOCKS = YES;
				GCC_WARN_64_TO_32_BIT_CONVERSION = YES;
				GCC_WARN_ABOUT_RETURN_TYPE = YES_ERROR;
				GCC_WARN_UNDECLARED_SELECTOR = YES;
				GCC_WARN_UNINITIALIZED_AUTOS = YES_AGGRESSIVE;
				GCC_WARN_UNUSED_FUNCTION = YES;
				GCC_WARN_UNUSED_VARIABLE = YES;
				IPHONEOS_DEPLOYMENT_TARGET = 14.5;
				MTL_ENABLE_DEBUG_INFO = NO;
				MTL_FAST_MATH = YES;
				SDKROOT = iphoneos;
				SWIFT_COMPILATION_MODE = wholemodule;
				SWIFT_OPTIMIZATION_LEVEL = "-O";
				VALIDATE_PRODUCT = YES;
			};
			name = Release;
		};
		5DE051E526F4B227005FD7C1 /* Debug */ = {
			isa = XCBuildConfiguration;
			buildSettings = {
				ASSETCATALOG_COMPILER_APPICON_NAME = AppIcon;
				ASSETCATALOG_COMPILER_GLOBAL_ACCENT_COLOR_NAME = AccentColor;
				CODE_SIGN_STYLE = Automatic;
				DEVELOPMENT_ASSET_PATHS = "\"NGPlayer/Preview Content\"";
				DEVELOPMENT_TEAM = ZJSZZS49UL;
				ENABLE_PREVIEWS = YES;
				INFOPLIST_FILE = NGPlayer/Info.plist;
				IPHONEOS_DEPLOYMENT_TARGET = 14.0;
				LD_RUNPATH_SEARCH_PATHS = (
					"$(inherited)",
					"@executable_path/Frameworks",
				);
				PRODUCT_BUNDLE_IDENTIFIER = "Dmitriy-Shmilo.NGPlayer";
				PRODUCT_NAME = "$(TARGET_NAME)";
				SWIFT_VERSION = 5.0;
				TARGETED_DEVICE_FAMILY = "1,2";
			};
			name = Debug;
		};
		5DE051E626F4B227005FD7C1 /* Release */ = {
			isa = XCBuildConfiguration;
			buildSettings = {
				ASSETCATALOG_COMPILER_APPICON_NAME = AppIcon;
				ASSETCATALOG_COMPILER_GLOBAL_ACCENT_COLOR_NAME = AccentColor;
				CODE_SIGN_STYLE = Automatic;
				DEVELOPMENT_ASSET_PATHS = "\"NGPlayer/Preview Content\"";
				DEVELOPMENT_TEAM = ZJSZZS49UL;
				ENABLE_PREVIEWS = YES;
				INFOPLIST_FILE = NGPlayer/Info.plist;
				IPHONEOS_DEPLOYMENT_TARGET = 14.0;
				LD_RUNPATH_SEARCH_PATHS = (
					"$(inherited)",
					"@executable_path/Frameworks",
				);
				PRODUCT_BUNDLE_IDENTIFIER = "Dmitriy-Shmilo.NGPlayer";
				PRODUCT_NAME = "$(TARGET_NAME)";
				SWIFT_VERSION = 5.0;
				TARGETED_DEVICE_FAMILY = "1,2";
			};
			name = Release;
		};
/* End XCBuildConfiguration section */

/* Begin XCConfigurationList section */
		5DE051D026F4B223005FD7C1 /* Build configuration list for PBXProject "NGPlayer" */ = {
			isa = XCConfigurationList;
			buildConfigurations = (
				5DE051E226F4B227005FD7C1 /* Debug */,
				5DE051E326F4B227005FD7C1 /* Release */,
			);
			defaultConfigurationIsVisible = 0;
			defaultConfigurationName = Release;
		};
		5DE051E426F4B227005FD7C1 /* Build configuration list for PBXNativeTarget "NGPlayer" */ = {
			isa = XCConfigurationList;
			buildConfigurations = (
				5DE051E526F4B227005FD7C1 /* Debug */,
				5DE051E626F4B227005FD7C1 /* Release */,
			);
			defaultConfigurationIsVisible = 0;
			defaultConfigurationName = Release;
		};
/* End XCConfigurationList section */

/* Begin XCRemoteSwiftPackageReference section */
		5DE051EA26F4B529005FD7C1 /* XCRemoteSwiftPackageReference "SwiftSoup" */ = {
			isa = XCRemoteSwiftPackageReference;
			repositoryURL = "https://github.com/scinfu/SwiftSoup.git";
			requirement = {
				kind = upToNextMajorVersion;
				minimumVersion = 2.3.3;
			};
		};
/* End XCRemoteSwiftPackageReference section */

/* Begin XCSwiftPackageProductDependency section */
		5DE051EB26F4B529005FD7C1 /* SwiftSoup */ = {
			isa = XCSwiftPackageProductDependency;
			package = 5DE051EA26F4B529005FD7C1 /* XCRemoteSwiftPackageReference "SwiftSoup" */;
			productName = SwiftSoup;
		};
/* End XCSwiftPackageProductDependency section */
	};
	rootObject = 5DE051CD26F4B223005FD7C1 /* Project object */;
}
